
Microsoft Visual Studio Solution File, Format Version 12.00
# Visual Studio Version 17
VisualStudioVersion = 17.9.34607.119
MinimumVisualStudioVersion = 10.0.40219.1
Project("{FAE04EC0-301F-11D3-BF4B-00C04F79EFBC}") = "ECommerceUI", "ECommerceUI\ECommerceUI.csproj", "{692906E3-BA61-4B6C-9E63-2596B7A96661}"
EndProject
Project("{FAE04EC0-301F-11D3-BF4B-00C04F79EFBC}") = "ECommerce.Data", "ECommerce.Data\ECommerce.Data.csproj", "{A94CB4AB-FA6C-4631-8C76-6E68B7A84D27}"
EndProject
Project("{FAE04EC0-301F-11D3-BF4B-00C04F79EFBC}") = "ECommerce.DAL", "ECommerce.DAL\ECommerce.DAL.csproj", "{CAC4C0FD-BC18-4AF4-B51D-6CC175143C7C}"
EndProject
Project("{FAE04EC0-301F-11D3-BF4B-00C04F79EFBC}") = "ECommerce.Business", "ECommerce.Business\ECommerce.Business.csproj", "{74AD39B6-B2EC-44A7-80D1-8DF45CFA7830}"
EndProject
Global
	GlobalSection(SolutionConfigurationPlatforms) = preSolution
		Debug|Any CPU = Debug|Any CPU
		Release|Any CPU = Release|Any CPU
	EndGlobalSection
	GlobalSection(ProjectConfigurationPlatforms) = postSolution
		{692906E3-BA61-4B6C-9E63-2596B7A96661}.Debug|Any CPU.ActiveCfg = Debug|Any CPU
		{692906E3-BA61-4B6C-9E63-2596B7A96661}.Debug|Any CPU.Build.0 = Debug|Any CPU
		{692906E3-BA61-4B6C-9E63-2596B7A96661}.Release|Any CPU.ActiveCfg = Release|Any CPU
		{692906E3-BA61-4B6C-9E63-2596B7A96661}.Release|Any CPU.Build.0 = Release|Any CPU
		{A94CB4AB-FA6C-4631-8C76-6E68B7A84D27}.Debug|Any CPU.ActiveCfg = Debug|Any CPU
		{A94CB4AB-FA6C-4631-8C76-6E68B7A84D27}.Debug|Any CPU.Build.0 = Debug|Any CPU
		{A94CB4AB-FA6C-4631-8C76-6E68B7A84D27}.Release|Any CPU.ActiveCfg = Release|Any CPU
		{A94CB4AB-FA6C-4631-8C76-6E68B7A84D27}.Release|Any CPU.Build.0 = Release|Any CPU
		{CAC4C0FD-BC18-4AF4-B51D-6CC175143C7C}.Debug|Any CPU.ActiveCfg = Debug|Any CPU
		{CAC4C0FD-BC18-4AF4-B51D-6CC175143C7C}.Debug|Any CPU.Build.0 = Debug|Any CPU
		{CAC4C0FD-BC18-4AF4-B51D-6CC175143C7C}.Release|Any CPU.ActiveCfg = Release|Any CPU
		{CAC4C0FD-BC18-4AF4-B51D-6CC175143C7C}.Release|Any CPU.Build.0 = Release|Any CPU
		{74AD39B6-B2EC-44A7-80D1-8DF45CFA7830}.Debug|Any CPU.ActiveCfg = Debug|Any CPU
		{74AD39B6-B2EC-44A7-80D1-8DF45CFA7830}.Debug|Any CPU.Build.0 = Debug|Any CPU
		{74AD39B6-B2EC-44A7-80D1-8DF45CFA7830}.Release|Any CPU.ActiveCfg = Release|Any CPU
		{74AD39B6-B2EC-44A7-80D1-8DF45CFA7830}.Release|Any CPU.Build.0 = Release|Any CPU
	EndGlobalSection
	GlobalSection(SolutionProperties) = preSolution
		HideSolutionNode = FALSE
	EndGlobalSection
	GlobalSection(ExtensibilityGlobals) = postSolution
		SolutionGuid = {764882E6-B070-4B3E-A1F6-D42E78A9E1CC}
	EndGlobalSection
EndGlobal
